<Solution>
  <Project Path="D:/FORMATION/OPENCLASSROOMS/BACK END/Projet5/DossierGit/ExpressVoitures/ExpressVoitures.csproj" />
  <Project Path="D:/FORMATION/OPENCLASSROOMS/BACK END/Projet5/DossierGit/ExpressVoituresTest/ExpressVoituresTest.csproj" Id="cc5fb5e1-f43a-4975-93a7-992d31153a7d" />
</Solution>
